// !$*UTF8*$!
{
	archiveVersion = 1;
	classes = {
	};
	objectVersion = 48;
	objects = {

/* Begin PBXBuildFile section */
		332A5C6F202F04A100861767 /* GameController.swift in Sources */ = {isa = PBXBuildFile; fileRef = 332A5C6E202F04A100861767 /* GameController.swift */; };
		332A5C71202F1C4700861767 /* Morpher.swift in Sources */ = {isa = PBXBuildFile; fileRef = 332A5C70202F1C4700861767 /* Morpher.swift */; };
		332A5C73202F3D4C00861767 /* MyCoreData.swift in Sources */ = {isa = PBXBuildFile; fileRef = 332A5C72202F3D4C00861767 /* MyCoreData.swift */; };
		3337C75E202D767000ABD823 /* AppDelegate.swift in Sources */ = {isa = PBXBuildFile; fileRef = 3337C75D202D767000ABD823 /* AppDelegate.swift */; };
		3337C760202D767100ABD823 /* art.scnassets in Resources */ = {isa = PBXBuildFile; fileRef = 3337C75F202D767100ABD823 /* art.scnassets */; };
		3337C762202D767100ABD823 /* GameViewController.swift in Sources */ = {isa = PBXBuildFile; fileRef = 3337C761202D767100ABD823 /* GameViewController.swift */; };
		3337C765202D767100ABD823 /* Main.storyboard in Resources */ = {isa = PBXBuildFile; fileRef = 3337C763202D767100ABD823 /* Main.storyboard */; };
		3337C767202D767100ABD823 /* Assets.xcassets in Resources */ = {isa = PBXBuildFile; fileRef = 3337C766202D767100ABD823 /* Assets.xcassets */; };
		3337C76A202D767100ABD823 /* LaunchScreen.storyboard in Resources */ = {isa = PBXBuildFile; fileRef = 3337C768202D767100ABD823 /* LaunchScreen.storyboard */; };
		3337C772202D77B700ABD823 /* PadOverlay.swift in Sources */ = {isa = PBXBuildFile; fileRef = 3337C771202D77B700ABD823 /* PadOverlay.swift */; };
		3337C775202D7A7600ABD823 /* Extension+Simd.swift in Sources */ = {isa = PBXBuildFile; fileRef = 3337C774202D7A7600ABD823 /* Extension+Simd.swift */; };
		3337C783202DB77A00ABD823 /* Character.swift in Sources */ = {isa = PBXBuildFile; fileRef = 3337C782202DB77A00ABD823 /* Character.swift */; };
		3373A739205199E7000E743A /* Menu.swift in Sources */ = {isa = PBXBuildFile; fileRef = 3373A738205199E7000E743A /* Menu.swift */; };
		3373A73B20519A1A000E743A /* Button.swift in Sources */ = {isa = PBXBuildFile; fileRef = 3373A73A20519A1A000E743A /* Button.swift */; };
		3373A73D20519A90000E743A /* Slider.swift in Sources */ = {isa = PBXBuildFile; fileRef = 3373A73C20519A90000E743A /* Slider.swift */; };
		3373A73F20519B03000E743A /* ButtonOverlay.swift in Sources */ = {isa = PBXBuildFile; fileRef = 3373A73E20519B03000E743A /* ButtonOverlay.swift */; };
		3373A74120519C0C000E743A /* Overlay.swift in Sources */ = {isa = PBXBuildFile; fileRef = 3373A74020519C0C000E743A /* Overlay.swift */; };
		3373A74320519C3F000E743A /* ControllOverlay.swift in Sources */ = {isa = PBXBuildFile; fileRef = 3373A74220519C3F000E743A /* ControllOverlay.swift */; };
		3373A7452051AFA5000E743A /* DSWebsocket.swift in Sources */ = {isa = PBXBuildFile; fileRef = 3373A7442051AFA5000E743A /* DSWebsocket.swift */; };
		33789082202FA17F002361E2 /* Monster.swift in Sources */ = {isa = PBXBuildFile; fileRef = 33789081202FA17F002361E2 /* Monster.swift */; };
		33789084202FA76A002361E2 /* MyParticles.swift in Sources */ = {isa = PBXBuildFile; fileRef = 33789083202FA76A002361E2 /* MyParticles.swift */; };
		33789086202FABBD002361E2 /* MyNet.swift in Sources */ = {isa = PBXBuildFile; fileRef = 33789085202FABBD002361E2 /* MyNet.swift */; };
		B79730E8E62F5EC983DA8FCB /* Pods_MyFirst.framework in Frameworks */ = {isa = PBXBuildFile; fileRef = 7BA812179388E878EFC54DC3 /* Pods_MyFirst.framework */; };
/* End PBXBuildFile section */

/* Begin PBXFileReference section */
		332A5C6E202F04A100861767 /* GameController.swift */ = {isa = PBXFileReference; lastKnownFileType = sourcecode.swift; path = GameController.swift; sourceTree = "<group>"; };
		332A5C70202F1C4700861767 /* Morpher.swift */ = {isa = PBXFileReference; lastKnownFileType = sourcecode.swift; path = Morpher.swift; sourceTree = "<group>"; };
		332A5C72202F3D4C00861767 /* MyCoreData.swift */ = {isa = PBXFileReference; lastKnownFileType = sourcecode.swift; path = MyCoreData.swift; sourceTree = "<group>"; };
		3337C75A202D767000ABD823 /* MyFirst.app */ = {isa = PBXFileReference; explicitFileType = wrapper.application; includeInIndex = 0; path = MyFirst.app; sourceTree = BUILT_PRODUCTS_DIR; };
		3337C75D202D767000ABD823 /* AppDelegate.swift */ = {isa = PBXFileReference; lastKnownFileType = sourcecode.swift; path = AppDelegate.swift; sourceTree = "<group>"; };
		3337C75F202D767100ABD823 /* art.scnassets */ = {isa = PBXFileReference; lastKnownFileType = wrapper.scnassets; path = art.scnassets; sourceTree = "<group>"; };
		3337C761202D767100ABD823 /* GameViewController.swift */ = {isa = PBXFileReference; lastKnownFileType = sourcecode.swift; path = GameViewController.swift; sourceTree = "<group>"; };
		3337C764202D767100ABD823 /* Base */ = {isa = PBXFileReference; lastKnownFileType = file.storyboard; name = Base; path = Base.lproj/Main.storyboard; sourceTree = "<group>"; };
		3337C766202D767100ABD823 /* Assets.xcassets */ = {isa = PBXFileReference; lastKnownFileType = folder.assetcatalog; path = Assets.xcassets; sourceTree = "<group>"; };
		3337C769202D767100ABD823 /* Base */ = {isa = PBXFileReference; lastKnownFileType = file.storyboard; name = Base; path = Base.lproj/LaunchScreen.storyboard; sourceTree = "<group>"; };
		3337C76B202D767100ABD823 /* Info.plist */ = {isa = PBXFileReference; lastKnownFileType = text.plist.xml; path = Info.plist; sourceTree = "<group>"; };
		3337C771202D77B700ABD823 /* PadOverlay.swift */ = {isa = PBXFileReference; lastKnownFileType = sourcecode.swift; path = PadOverlay.swift; sourceTree = "<group>"; };
		3337C774202D7A7600ABD823 /* Extension+Simd.swift */ = {isa = PBXFileReference; lastKnownFileType = sourcecode.swift; path = "Extension+Simd.swift"; sourceTree = "<group>"; };
		3337C782202DB77A00ABD823 /* Character.swift */ = {isa = PBXFileReference; lastKnownFileType = sourcecode.swift; path = Character.swift; sourceTree = "<group>"; };
		3373A738205199E7000E743A /* Menu.swift */ = {isa = PBXFileReference; lastKnownFileType = sourcecode.swift; path = Menu.swift; sourceTree = "<group>"; };
		3373A73A20519A1A000E743A /* Button.swift */ = {isa = PBXFileReference; lastKnownFileType = sourcecode.swift; path = Button.swift; sourceTree = "<group>"; };
		3373A73C20519A90000E743A /* Slider.swift */ = {isa = PBXFileReference; lastKnownFileType = sourcecode.swift; path = Slider.swift; sourceTree = "<group>"; };
		3373A73E20519B03000E743A /* ButtonOverlay.swift */ = {isa = PBXFileReference; lastKnownFileType = sourcecode.swift; path = ButtonOverlay.swift; sourceTree = "<group>"; };
		3373A74020519C0C000E743A /* Overlay.swift */ = {isa = PBXFileReference; lastKnownFileType = sourcecode.swift; path = Overlay.swift; sourceTree = "<group>"; };
		3373A74220519C3F000E743A /* ControllOverlay.swift */ = {isa = PBXFileReference; lastKnownFileType = sourcecode.swift; path = ControllOverlay.swift; sourceTree = "<group>"; };
		3373A7442051AFA5000E743A /* DSWebsocket.swift */ = {isa = PBXFileReference; lastKnownFileType = sourcecode.swift; path = DSWebsocket.swift; sourceTree = "<group>"; };
		33789081202FA17F002361E2 /* Monster.swift */ = {isa = PBXFileReference; lastKnownFileType = sourcecode.swift; path = Monster.swift; sourceTree = "<group>"; };
		33789083202FA76A002361E2 /* MyParticles.swift */ = {isa = PBXFileReference; lastKnownFileType = sourcecode.swift; path = MyParticles.swift; sourceTree = "<group>"; };
		33789085202FABBD002361E2 /* MyNet.swift */ = {isa = PBXFileReference; lastKnownFileType = sourcecode.swift; path = MyNet.swift; sourceTree = "<group>"; };
		5B9849A6F035AEE65C157896 /* Pods-MyFirst.debug.xcconfig */ = {isa = PBXFileReference; includeInIndex = 1; lastKnownFileType = text.xcconfig; name = "Pods-MyFirst.debug.xcconfig"; path = "Pods/Target Support Files/Pods-MyFirst/Pods-MyFirst.debug.xcconfig"; sourceTree = "<group>"; };
		7BA812179388E878EFC54DC3 /* Pods_MyFirst.framework */ = {isa = PBXFileReference; explicitFileType = wrapper.framework; includeInIndex = 0; path = Pods_MyFirst.framework; sourceTree = BUILT_PRODUCTS_DIR; };
		8E033E56C5296F4169D607EB /* Pods-MyFirst.release.xcconfig */ = {isa = PBXFileReference; includeInIndex = 1; lastKnownFileType = text.xcconfig; name = "Pods-MyFirst.release.xcconfig"; path = "Pods/Target Support Files/Pods-MyFirst/Pods-MyFirst.release.xcconfig"; sourceTree = "<group>"; };
/* End PBXFileReference section */

/* Begin PBXFrameworksBuildPhase section */
		3337C757202D767000ABD823 /* Frameworks */ = {
			isa = PBXFrameworksBuildPhase;
			buildActionMask = 2147483647;
			files = (
				B79730E8E62F5EC983DA8FCB /* Pods_MyFirst.framework in Frameworks */,
			);
			runOnlyForDeploymentPostprocessing = 0;
		};
/* End PBXFrameworksBuildPhase section */

/* Begin PBXGroup section */
		318B429B5352608ED8185EEA /* Pods */ = {
			isa = PBXGroup;
			children = (
				5B9849A6F035AEE65C157896 /* Pods-MyFirst.debug.xcconfig */,
				8E033E56C5296F4169D607EB /* Pods-MyFirst.release.xcconfig */,
			);
			name = Pods;
			sourceTree = "<group>";
		};
		3337C751202D767000ABD823 = {
			isa = PBXGroup;
			children = (
				3337C75C202D767000ABD823 /* MyFirst */,
				3337C75B202D767000ABD823 /* Products */,
				318B429B5352608ED8185EEA /* Pods */,
				FE14E5F6A02F35A7546270BD /* Frameworks */,
			);
			sourceTree = "<group>";
		};
		3337C75B202D767000ABD823 /* Products */ = {
			isa = PBXGroup;
			children = (
				3337C75A202D767000ABD823 /* MyFirst.app */,
			);
			name = Products;
			sourceTree = "<group>";
		};
		3337C75C202D767000ABD823 /* MyFirst */ = {
			isa = PBXGroup;
			children = (
				3337C773202D782000ABD823 /* UI */,
				3337C75D202D767000ABD823 /* AppDelegate.swift */,
				3337C75F202D767100ABD823 /* art.scnassets */,
				3337C761202D767100ABD823 /* GameViewController.swift */,
				3337C763202D767100ABD823 /* Main.storyboard */,
				3337C766202D767100ABD823 /* Assets.xcassets */,
				3337C768202D767100ABD823 /* LaunchScreen.storyboard */,
				3337C76B202D767100ABD823 /* Info.plist */,
				3337C774202D7A7600ABD823 /* Extension+Simd.swift */,
				3337C782202DB77A00ABD823 /* Character.swift */,
				332A5C6E202F04A100861767 /* GameController.swift */,
				332A5C70202F1C4700861767 /* Morpher.swift */,
				332A5C72202F3D4C00861767 /* MyCoreData.swift */,
				33789081202FA17F002361E2 /* Monster.swift */,
				33789083202FA76A002361E2 /* MyParticles.swift */,
				33789085202FABBD002361E2 /* MyNet.swift */,
				3373A7442051AFA5000E743A /* DSWebsocket.swift */,
			);
			path = MyFirst;
			sourceTree = "<group>";
		};
		3337C773202D782000ABD823 /* UI */ = {
			isa = PBXGroup;
			children = (
				3337C771202D77B700ABD823 /* PadOverlay.swift */,
				3373A738205199E7000E743A /* Menu.swift */,
				3373A73A20519A1A000E743A /* Button.swift */,
				3373A73C20519A90000E743A /* Slider.swift */,
				3373A73E20519B03000E743A /* ButtonOverlay.swift */,
				3373A74020519C0C000E743A /* Overlay.swift */,
				3373A74220519C3F000E743A /* ControllOverlay.swift */,
			);
			path = UI;
			sourceTree = "<group>";
		};
		FE14E5F6A02F35A7546270BD /* Frameworks */ = {
			isa = PBXGroup;
			children = (
				7BA812179388E878EFC54DC3 /* Pods_MyFirst.framework */,
			);
			name = Frameworks;
			sourceTree = "<group>";
		};
/* End PBXGroup section */

/* Begin PBXNativeTarget section */
		3337C759202D767000ABD823 /* MyFirst */ = {
			isa = PBXNativeTarget;
			buildConfigurationList = 3337C76E202D767100ABD823 /* Build configuration list for PBXNativeTarget "MyFirst" */;
			buildPhases = (
				C72BD20E073582485D502B60 /* [CP] Check Pods Manifest.lock */,
				3337C756202D767000ABD823 /* Sources */,
				3337C757202D767000ABD823 /* Frameworks */,
				3337C758202D767000ABD823 /* Resources */,
				59E4633F14B61526D9103ADB /* [CP] Embed Pods Frameworks */,
				B40701E02C0DAB54DAEE1FE4 /* [CP] Copy Pods Resources */,
			);
			buildRules = (
			);
			dependencies = (
			);
			name = MyFirst;
			productName = MyFirst;
			productReference = 3337C75A202D767000ABD823 /* MyFirst.app */;
			productType = "com.apple.product-type.application";
		};
/* End PBXNativeTarget section */

/* Begin PBXProject section */
		3337C752202D767000ABD823 /* Project object */ = {
			isa = PBXProject;
			attributes = {
				LastSwiftUpdateCheck = 0920;
				LastUpgradeCheck = 0920;
				ORGANIZATIONNAME = Apple;
				TargetAttributes = {
					3337C759202D767000ABD823 = {
						CreatedOnToolsVersion = 9.2;
						ProvisioningStyle = Automatic;
					};
				};
			};
			buildConfigurationList = 3337C755202D767000ABD823 /* Build configuration list for PBXProject "MyFirst" */;
			compatibilityVersion = "Xcode 8.0";
			developmentRegion = en;
			hasScannedForEncodings = 0;
			knownRegions = (
				en,
				Base,
			);
			mainGroup = 3337C751202D767000ABD823;
			productRefGroup = 3337C75B202D767000ABD823 /* Products */;
			projectDirPath = "";
			projectRoot = "";
			targets = (
				3337C759202D767000ABD823 /* MyFirst */,
			);
		};
/* End PBXProject section */

/* Begin PBXResourcesBuildPhase section */
		3337C758202D767000ABD823 /* Resources */ = {
			isa = PBXResourcesBuildPhase;
			buildActionMask = 2147483647;
			files = (
				3337C760202D767100ABD823 /* art.scnassets in Resources */,
				3337C76A202D767100ABD823 /* LaunchScreen.storyboard in Resources */,
				3337C767202D767100ABD823 /* Assets.xcassets in Resources */,
				3337C765202D767100ABD823 /* Main.storyboard in Resources */,
			);
			runOnlyForDeploymentPostprocessing = 0;
		};
/* End PBXResourcesBuildPhase section */

/* Begin PBXShellScriptBuildPhase section */
		59E4633F14B61526D9103ADB /* [CP] Embed Pods Frameworks */ = {
			isa = PBXShellScriptBuildPhase;
			buildActionMask = 2147483647;
			files = (
			);
			inputPaths = (
				"${SRCROOT}/Pods/Target Support Files/Pods-MyFirst/Pods-MyFirst-frameworks.sh",
				"${BUILT_PRODUCTS_DIR}/Starscream/Starscream.framework",
			);
			name = "[CP] Embed Pods Frameworks";
			outputPaths = (
				"${TARGET_BUILD_DIR}/${FRAMEWORKS_FOLDER_PATH}/Starscream.framework",
			);
			runOnlyForDeploymentPostprocessing = 0;
			shellPath = /bin/sh;
			shellScript = "\"${SRCROOT}/Pods/Target Support Files/Pods-MyFirst/Pods-MyFirst-frameworks.sh\"\n";
			showEnvVarsInLog = 0;
		};
		B40701E02C0DAB54DAEE1FE4 /* [CP] Copy Pods Resources */ = {
			isa = PBXShellScriptBuildPhase;
			buildActionMask = 2147483647;
			files = (
			);
			inputPaths = (
			);
			name = "[CP] Copy Pods Resources";
			outputPaths = (
			);
			runOnlyForDeploymentPostprocessing = 0;
			shellPath = /bin/sh;
			shellScript = "\"${SRCROOT}/Pods/Target Support Files/Pods-MyFirst/Pods-MyFirst-resources.sh\"\n";
			showEnvVarsInLog = 0;
		};
		C72BD20E073582485D502B60 /* [CP] Check Pods Manifest.lock */ = {
			isa = PBXShellScriptBuildPhase;
			buildActionMask = 2147483647;
			files = (
			);
			inputPaths = (
				"${PODS_PODFILE_DIR_PATH}/Podfile.lock",
				"${PODS_ROOT}/Manifest.lock",
			);
			name = "[CP] Check Pods Manifest.lock";
			outputPaths = (
				"$(DERIVED_FILE_DIR)/Pods-MyFirst-checkManifestLockResult.txt",
			);
			runOnlyForDeploymentPostprocessing = 0;
			shellPath = /bin/sh;
			shellScript = "diff \"${PODS_PODFILE_DIR_PATH}/Podfile.lock\" \"${PODS_ROOT}/Manifest.lock\" > /dev/null\nif [ $? != 0 ] ; then\n    # print error to STDERR\n    echo \"error: The sandbox is not in sync with the Podfile.lock. Run 'pod install' or update your CocoaPods installation.\" >&2\n    exit 1\nfi\n# This output is used by Xcode 'outputs' to avoid re-running this script phase.\necho \"SUCCESS\" > \"${SCRIPT_OUTPUT_FILE_0}\"\n";
			showEnvVarsInLog = 0;
		};
/* End PBXShellScriptBuildPhase section */

/* Begin PBXSourcesBuildPhase section */
		3337C756202D767000ABD823 /* Sources */ = {
			isa = PBXSourcesBuildPhase;
			buildActionMask = 2147483647;
			files = (
				3337C775202D7A7600ABD823 /* Extension+Simd.swift in Sources */,
				33789082202FA17F002361E2 /* Monster.swift in Sources */,
				332A5C6F202F04A100861767 /* GameController.swift in Sources */,
				3373A73F20519B03000E743A /* ButtonOverlay.swift in Sources */,
				33789084202FA76A002361E2 /* MyParticles.swift in Sources */,
				3337C762202D767100ABD823 /* GameViewController.swift in Sources */,
				3373A74320519C3F000E743A /* ControllOverlay.swift in Sources */,
				3337C783202DB77A00ABD823 /* Character.swift in Sources */,
				3373A73D20519A90000E743A /* Slider.swift in Sources */,
				3373A739205199E7000E743A /* Menu.swift in Sources */,
				332A5C73202F3D4C00861767 /* MyCoreData.swift in Sources */,
				3373A74120519C0C000E743A /* Overlay.swift in Sources */,
				33789086202FABBD002361E2 /* MyNet.swift in Sources */,
				332A5C71202F1C4700861767 /* Morpher.swift in Sources */,
				3373A7452051AFA5000E743A /* DSWebsocket.swift in Sources */,
				3337C75E202D767000ABD823 /* AppDelegate.swift in Sources */,
				3373A73B20519A1A000E743A /* Button.swift in Sources */,
				3337C772202D77B700ABD823 /* PadOverlay.swift in Sources */,
			);
			runOnlyForDeploymentPostprocessing = 0;
		};
/* End PBXSourcesBuildPhase section */

/* Begin PBXVariantGroup section */
		3337C763202D767100ABD823 /* Main.storyboard */ = {
			isa = PBXVariantGroup;
			children = (
				3337C764202D767100ABD823 /* Base */,
			);
			name = Main.storyboard;
			sourceTree = "<group>";
		};
		3337C768202D767100ABD823 /* LaunchScreen.storyboard */ = {
			isa = PBXVariantGroup;
			children = (
				3337C769202D767100ABD823 /* Base */,
			);
			name = LaunchScreen.storyboard;
			sourceTree = "<group>";
		};
/* End PBXVariantGroup section */

/* Begin XCBuildConfiguration section */
		3337C76C202D767100ABD823 /* Debug */ = {
			isa = XCBuildConfiguration;
			buildSettings = {
				ALWAYS_SEARCH_USER_PATHS = NO;
				CLANG_ANALYZER_NONNULL = YES;
				CLANG_ANALYZER_NUMBER_OBJECT_CONVERSION = YES_AGGRESSIVE;
				CLANG_CXX_LANGUAGE_STANDARD = "gnu++14";
				CLANG_CXX_LIBRARY = "libc++";
				CLANG_ENABLE_MODULES = YES;
				CLANG_ENABLE_OBJC_ARC = YES;
				CLANG_WARN_BLOCK_CAPTURE_AUTORELEASING = YES;
				CLANG_WARN_BOOL_CONVERSION = YES;
				CLANG_WARN_COMMA = YES;
				CLANG_WARN_CONSTANT_CONVERSION = YES;
				CLANG_WARN_DIRECT_OBJC_ISA_USAGE = YES_ERROR;
				CLANG_WARN_DOCUMENTATION_COMMENTS = YES;
				CLANG_WARN_EMPTY_BODY = YES;
				CLANG_WARN_ENUM_CONVERSION = YES;
				CLANG_WARN_INFINITE_RECURSION = YES;
				CLANG_WARN_INT_CONVERSION = YES;
				CLANG_WARN_NON_LITERAL_NULL_CONVERSION = YES;
				CLANG_WARN_OBJC_LITERAL_CONVERSION = YES;
				CLANG_WARN_OBJC_ROOT_CLASS = YES_ERROR;
				CLANG_WARN_RANGE_LOOP_ANALYSIS = YES;
				CLANG_WARN_STRICT_PROTOTYPES = YES;
				CLANG_WARN_SUSPICIOUS_MOVE = YES;
				CLANG_WARN_UNGUARDED_AVAILABILITY = YES_AGGRESSIVE;
				CLANG_WARN_UNREACHABLE_CODE = YES;
				CLANG_WARN__DUPLICATE_METHOD_MATCH = YES;
				CODE_SIGN_IDENTITY = "iPhone Developer";
				COPY_PHASE_STRIP = NO;
				DEBUG_INFORMATION_FORMAT = dwarf;
				ENABLE_STRICT_OBJC_MSGSEND = YES;
				ENABLE_TESTABILITY = YES;
				GCC_C_LANGUAGE_STANDARD = gnu11;
				GCC_DYNAMIC_NO_PIC = NO;
				GCC_NO_COMMON_BLOCKS = YES;
				GCC_OPTIMIZATION_LEVEL = 0;
				GCC_PREPROCESSOR_DEFINITIONS = (
					"DEBUG=1",
					"$(inherited)",
				);
				GCC_WARN_64_TO_32_BIT_CONVERSION = YES;
				GCC_WARN_ABOUT_RETURN_TYPE = YES_ERROR;
				GCC_WARN_UNDECLARED_SELECTOR = YES;
				GCC_WARN_UNINITIALIZED_AUTOS = YES_AGGRESSIVE;
				GCC_WARN_UNUSED_FUNCTION = YES;
				GCC_WARN_UNUSED_VARIABLE = YES;
				IPHONEOS_DEPLOYMENT_TARGET = 11.2;
				MTL_ENABLE_DEBUG_INFO = YES;
				ONLY_ACTIVE_ARCH = YES;
				SDKROOT = iphoneos;
				SWIFT_ACTIVE_COMPILATION_CONDITIONS = DEBUG;
				SWIFT_OPTIMIZATION_LEVEL = "-Onone";
			};
			name = Debug;
		};
		3337C76D202D767100ABD823 /* Release */ = {
			isa = XCBuildConfiguration;
			buildSettings = {
				ALWAYS_SEARCH_USER_PATHS = NO;
				CLANG_ANALYZER_NONNULL = YES;
				CLANG_ANALYZER_NUMBER_OBJECT_CONVERSION = YES_AGGRESSIVE;
				CLANG_CXX_LANGUAGE_STANDARD = "gnu++14";
				CLANG_CXX_LIBRARY = "libc++";
				CLANG_ENABLE_MODULES = YES;
				CLANG_ENABLE_OBJC_ARC = YES;
				CLANG_WARN_BLOCK_CAPTURE_AUTORELEASING = YES;
				CLANG_WARN_BOOL_CONVERSION = YES;
				CLANG_WARN_COMMA = YES;
				CLANG_WARN_CONSTANT_CONVERSION = YES;
				CLANG_WARN_DIRECT_OBJC_ISA_USAGE = YES_ERROR;
				CLANG_WARN_DOCUMENTATION_COMMENTS = YES;
				CLANG_WARN_EMPTY_BODY = YES;
				CLANG_WARN_ENUM_CONVERSION = YES;
				CLANG_WARN_INFINITE_RECURSION = YES;
				CLANG_WARN_INT_CONVERSION = YES;
				CLANG_WARN_NON_LITERAL_NULL_CONVERSION = YES;
				CLANG_WARN_OBJC_LITERAL_CONVERSION = YES;
				CLANG_WARN_OBJC_ROOT_CLASS = YES_ERROR;
				CLANG_WARN_RANGE_LOOP_ANALYSIS = YES;
				CLANG_WARN_STRICT_PROTOTYPES = YES;
				CLANG_WARN_SUSPICIOUS_MOVE = YES;
				CLANG_WARN_UNGUARDED_AVAILABILITY = YES_AGGRESSIVE;
				CLANG_WARN_UNREACHABLE_CODE = YES;
				CLANG_WARN__DUPLICATE_METHOD_MATCH = YES;
				CODE_SIGN_IDENTITY = "iPhone Developer";
				COPY_PHASE_STRIP = NO;
				DEBUG_INFORMATION_FORMAT = "dwarf-with-dsym";
				ENABLE_NS_ASSERTIONS = NO;
				ENABLE_STRICT_OBJC_MSGSEND = YES;
				GCC_C_LANGUAGE_STANDARD = gnu11;
				GCC_NO_COMMON_BLOCKS = YES;
				GCC_WARN_64_TO_32_BIT_CONVERSION = YES;
				GCC_WARN_ABOUT_RETURN_TYPE = YES_ERROR;
				GCC_WARN_UNDECLARED_SELECTOR = YES;
				GCC_WARN_UNINITIALIZED_AUTOS = YES_AGGRESSIVE;
				GCC_WARN_UNUSED_FUNCTION = YES;
				GCC_WARN_UNUSED_VARIABLE = YES;
				IPHONEOS_DEPLOYMENT_TARGET = 11.2;
				MTL_ENABLE_DEBUG_INFO = NO;
				SDKROOT = iphoneos;
				SWIFT_OPTIMIZATION_LEVEL = "-Owholemodule";
				VALIDATE_PRODUCT = YES;
			};
			name = Release;
		};
		3337C76F202D767100ABD823 /* Debug */ = {
			isa = XCBuildConfiguration;
			baseConfigurationReference = 5B9849A6F035AEE65C157896 /* Pods-MyFirst.debug.xcconfig */;
			buildSettings = {
				ASSETCATALOG_COMPILER_APPICON_NAME = AppIcon;
				CODE_SIGN_STYLE = Automatic;
				DEVELOPMENT_TEAM = LMJBYFW6C8;
				INFOPLIST_FILE = MyFirst/Info.plist;
				IPHONEOS_DEPLOYMENT_TARGET = 11.0;
				LD_RUNPATH_SEARCH_PATHS = "$(inherited) @executable_path/Frameworks";
				PRODUCT_BUNDLE_IDENTIFIER = com.sj.MyFirst;
				PRODUCT_NAME = "$(TARGET_NAME)";
				SWIFT_VERSION = 4.0;
				TARGETED_DEVICE_FAMILY = 1;
			};
			name = Debug;
		};
		3337C770202D767100ABD823 /* Release */ = {
			isa = XCBuildConfiguration;
			baseConfigurationReference = 8E033E56C5296F4169D607EB /* Pods-MyFirst.release.xcconfig */;
			buildSettings = {
				ASSETCATALOG_COMPILER_APPICON_NAME = AppIcon;
				CODE_SIGN_STYLE = Automatic;
				DEVELOPMENT_TEAM = LMJBYFW6C8;
				INFOPLIST_FILE = MyFirst/Info.plist;
				IPHONEOS_DEPLOYMENT_TARGET = 11.0;
				LD_RUNPATH_SEARCH_PATHS = "$(inherited) @executable_path/Frameworks";
				PRODUCT_BUNDLE_IDENTIFIER = com.sj.MyFirst;
				PRODUCT_NAME = "$(TARGET_NAME)";
				SWIFT_VERSION = 4.0;
				TARGETED_DEVICE_FAMILY = 1;
			};
			name = Release;
		};
/* End XCBuildConfiguration section */

/* Begin XCConfigurationList section */
		3337C755202D767000ABD823 /* Build configuration list for PBXProject "MyFirst" */ = {
			isa = XCConfigurationList;
			buildConfigurations = (
				3337C76C202D767100ABD823 /* Debug */,
				3337C76D202D767100ABD823 /* Release */,
			);
			defaultConfigurationIsVisible = 0;
			defaultConfigurationName = Release;
		};
		3337C76E202D767100ABD823 /* Build configuration list for PBXNativeTarget "MyFirst" */ = {
			isa = XCConfigurationList;
			buildConfigurations = (
				3337C76F202D767100ABD823 /* Debug */,
				3337C770202D767100ABD823 /* Release */,
			);
			defaultConfigurationIsVisible = 0;
			defaultConfigurationName = Release;
		};
/* End XCConfigurationList section */
	};
	rootObject = 3337C752202D767000ABD823 /* Project object */;
}
